
Microsoft Visual Studio Solution File, Format Version 12.00
# Visual Studio Version 16
VisualStudioVersion = 16.0.31729.503
MinimumVisualStudioVersion = 10.0.40219.1
Project("{9A19103F-16F7-4668-BE54-9A1E7A4F7556}") = "StardewTwitchTrackerMod", "TwitchPlantMod\StardewTwitchTrackerMod.csproj", "{98A89752-47E3-475C-AB73-47CFF15165C2}"
EndProject
Global
	GlobalSection(SolutionConfigurationPlatforms) = preSolution
		Debug|Any CPU = Debug|Any CPU
		Release|Any CPU = Release|Any CPU
	EndGlobalSection
	GlobalSection(ProjectConfigurationPlatforms) = postSolution
		{98A89752-47E3-475C-AB73-47CFF15165C2}.Debug|Any CPU.ActiveCfg = Debug|Any CPU
		{98A89752-47E3-475C-AB73-47CFF15165C2}.Debug|Any CPU.Build.0 = Debug|Any CPU
		{98A89752-47E3-475C-AB73-47CFF15165C2}.Release|Any CPU.ActiveCfg = Release|Any CPU
		{98A89752-47E3-475C-AB73-47CFF15165C2}.Release|Any CPU.Build.0 = Release|Any CPU
	EndGlobalSection
	GlobalSection(SolutionProperties) = preSolution
		HideSolutionNode = FALSE
	EndGlobalSection
	GlobalSection(ExtensibilityGlobals) = postSolution
		SolutionGuid = {3E8F534E-3248-4794-B087-F51188AF3A4D}
	EndGlobalSection
EndGlobal
